
Microsoft Visual Studio Solution File, Format Version 12.00
# Visual Studio Version 17
VisualStudioVersion = 17.9.34622.214
MinimumVisualStudioVersion = 10.0.40219.1
Project("{FAE04EC0-301F-11D3-BF4B-00C04F79EFBC}") = "WebSocketClient", "WebSocketClient\WebSocketClient.csproj", "{236BAE62-B0EB-4AD8-BFFC-386F8411CED2}"
EndProject
Project("{FAE04EC0-301F-11D3-BF4B-00C04F79EFBC}") = "WebSocketServer", "WebSocketServer\WebSocketServer.csproj", "{6A1C7FDE-62EE-49F7-A4C0-44A3034FFF84}"
EndProject
Global
	GlobalSection(SolutionConfigurationPlatforms) = preSolution
		Debug|Any CPU = Debug|Any CPU
		Debug|x64 = Debug|x64
		Release|Any CPU = Release|Any CPU
		Release|x64 = Release|x64
	EndGlobalSection
	GlobalSection(ProjectConfigurationPlatforms) = postSolution
		{236BAE62-B0EB-4AD8-BFFC-386F8411CED2}.Debug|Any CPU.ActiveCfg = Debug|Any CPU
		{236BAE62-B0EB-4AD8-BFFC-386F8411CED2}.Debug|Any CPU.Build.0 = Debug|Any CPU
		{236BAE62-B0EB-4AD8-BFFC-386F8411CED2}.Debug|x64.ActiveCfg = Debug|x64
		{236BAE62-B0EB-4AD8-BFFC-386F8411CED2}.Debug|x64.Build.0 = Debug|x64
		{236BAE62-B0EB-4AD8-BFFC-386F8411CED2}.Release|Any CPU.ActiveCfg = Release|Any CPU
		{236BAE62-B0EB-4AD8-BFFC-386F8411CED2}.Release|Any CPU.Build.0 = Release|Any CPU
		{236BAE62-B0EB-4AD8-BFFC-386F8411CED2}.Release|x64.ActiveCfg = Release|x64
		{236BAE62-B0EB-4AD8-BFFC-386F8411CED2}.Release|x64.Build.0 = Release|x64
		{6A1C7FDE-62EE-49F7-A4C0-44A3034FFF84}.Debug|Any CPU.ActiveCfg = Debug|Any CPU
		{6A1C7FDE-62EE-49F7-A4C0-44A3034FFF84}.Debug|Any CPU.Build.0 = Debug|Any CPU
		{6A1C7FDE-62EE-49F7-A4C0-44A3034FFF84}.Debug|x64.ActiveCfg = Debug|x64
		{6A1C7FDE-62EE-49F7-A4C0-44A3034FFF84}.Debug|x64.Build.0 = Debug|x64
		{6A1C7FDE-62EE-49F7-A4C0-44A3034FFF84}.Release|Any CPU.ActiveCfg = Release|Any CPU
		{6A1C7FDE-62EE-49F7-A4C0-44A3034FFF84}.Release|Any CPU.Build.0 = Release|Any CPU
		{6A1C7FDE-62EE-49F7-A4C0-44A3034FFF84}.Release|x64.ActiveCfg = Release|x64
		{6A1C7FDE-62EE-49F7-A4C0-44A3034FFF84}.Release|x64.Build.0 = Release|x64
	EndGlobalSection
	GlobalSection(SolutionProperties) = preSolution
		HideSolutionNode = FALSE
	EndGlobalSection
	GlobalSection(ExtensibilityGlobals) = postSolution
		SolutionGuid = {819C141D-7BEF-4CCC-BFF0-FF2E91A167D7}
	EndGlobalSection
EndGlobal
